
Microsoft Visual Studio Solution File, Format Version 12.00
# Visual Studio Version 16
VisualStudioVersion = 16.0.31129.286
MinimumVisualStudioVersion = 10.0.40219.1
Project("{FAE04EC0-301F-11D3-BF4B-00C04F79EFBC}") = "CsvDlDbData", "CsvDlDbData.csproj", "{030B74F4-08A1-413D-ACA3-AC8F0CC85B1D}"
EndProject
Global
	GlobalSection(SolutionConfigurationPlatforms) = preSolution
		Debug|Any CPU = Debug|Any CPU
		Release|Any CPU = Release|Any CPU
	EndGlobalSection
	GlobalSection(ProjectConfigurationPlatforms) = postSolution
		{030B74F4-08A1-413D-ACA3-AC8F0CC85B1D}.Debug|Any CPU.ActiveCfg = Debug|Any CPU
		{030B74F4-08A1-413D-ACA3-AC8F0CC85B1D}.Debug|Any CPU.Build.0 = Debug|Any CPU
		{030B74F4-08A1-413D-ACA3-AC8F0CC85B1D}.Release|Any CPU.ActiveCfg = Release|Any CPU
		{030B74F4-08A1-413D-ACA3-AC8F0CC85B1D}.Release|Any CPU.Build.0 = Release|Any CPU
	EndGlobalSection
	GlobalSection(SolutionProperties) = preSolution
		HideSolutionNode = FALSE
	EndGlobalSection
	GlobalSection(ExtensibilityGlobals) = postSolution
		SolutionGuid = {F585EA51-EFD1-4DDF-93BF-074ABEBBBC7C}
	EndGlobalSection
EndGlobal
